// !$*UTF8*$!
{
	archiveVersion = 1;
	classes = {
	};
	objectVersion = 51;
	objects = {

/* Begin PBXBuildFile section */
		3A4AFB6B4AB4E7840655D8A1 /* Pods_MyNote_MyNoteUITests.framework in Frameworks */ = {isa = PBXBuildFile; fileRef = 4CE4AAE0CB6839EC9CA4727E /* Pods_MyNote_MyNoteUITests.framework */; };
		4E5411952AFBDB6D44BBC98B /* Pods_MyNote.framework in Frameworks */ = {isa = PBXBuildFile; fileRef = 6F34C9C452B1798A787E8810 /* Pods_MyNote.framework */; };
		765965BBEA3D36A24DF45691 /* Pods_MyNoteTests.framework in Frameworks */ = {isa = PBXBuildFile; fileRef = 3BC7B184D42A9F4BD877B347 /* Pods_MyNoteTests.framework */; };
		B51B18D2264C134300D044BD /* AppDelegate.swift in Sources */ = {isa = PBXBuildFile; fileRef = B51B18D1264C134300D044BD /* AppDelegate.swift */; };
		B51B18D4264C134300D044BD /* SceneDelegate.swift in Sources */ = {isa = PBXBuildFile; fileRef = B51B18D3264C134300D044BD /* SceneDelegate.swift */; };
		B51B18D9264C134300D044BD /* Main.storyboard in Resources */ = {isa = PBXBuildFile; fileRef = B51B18D7264C134300D044BD /* Main.storyboard */; };
		B51B18DB264C134600D044BD /* Assets.xcassets in Resources */ = {isa = PBXBuildFile; fileRef = B51B18DA264C134600D044BD /* Assets.xcassets */; };
		B51B18DE264C134600D044BD /* LaunchScreen.storyboard in Resources */ = {isa = PBXBuildFile; fileRef = B51B18DC264C134600D044BD /* LaunchScreen.storyboard */; };
		B51B18E9264C134700D044BD /* MyNoteTests.swift in Sources */ = {isa = PBXBuildFile; fileRef = B51B18E8264C134700D044BD /* MyNoteTests.swift */; };
		B51B18F4264C134700D044BD /* MyNoteUITests.swift in Sources */ = {isa = PBXBuildFile; fileRef = B51B18F3264C134700D044BD /* MyNoteUITests.swift */; };
		B51B190B264C23C200D044BD /* ApiController.swift in Sources */ = {isa = PBXBuildFile; fileRef = B51B190A264C23C200D044BD /* ApiController.swift */; };
		B570CFD6264E0CEB00B1BBAA /* DataModel.xcdatamodeld in Sources */ = {isa = PBXBuildFile; fileRef = B570CFD4264E0CEB00B1BBAA /* DataModel.xcdatamodeld */; };
		B570D004264E1DE600B1BBAA /* NoteDetailsViewModelProtocol.swift in Sources */ = {isa = PBXBuildFile; fileRef = B570CFFF264E1DE600B1BBAA /* NoteDetailsViewModelProtocol.swift */; };
		B570D005264E1DE600B1BBAA /* NoteDetailsViewController.swift in Sources */ = {isa = PBXBuildFile; fileRef = B570D000264E1DE600B1BBAA /* NoteDetailsViewController.swift */; };
		B570D006264E1DE600B1BBAA /* NoteDetailsView.swift in Sources */ = {isa = PBXBuildFile; fileRef = B570D001264E1DE600B1BBAA /* NoteDetailsView.swift */; };
		B570D007264E1DE600B1BBAA /* NoteDetailsViewModel.swift in Sources */ = {isa = PBXBuildFile; fileRef = B570D002264E1DE600B1BBAA /* NoteDetailsViewModel.swift */; };
		B570D008264E1DE600B1BBAA /* NoteDetailsView.xib in Resources */ = {isa = PBXBuildFile; fileRef = B570D003264E1DE600B1BBAA /* NoteDetailsView.xib */; };
		B57A64CF279652C000BEC149 /* ButtonCollectionViewCell.swift in Sources */ = {isa = PBXBuildFile; fileRef = B57A64CD279652C000BEC149 /* ButtonCollectionViewCell.swift */; };
		B57A64D0279652C000BEC149 /* ButtonCollectionViewCell.xib in Resources */ = {isa = PBXBuildFile; fileRef = B57A64CE279652C000BEC149 /* ButtonCollectionViewCell.xib */; };
		B57A64D3279658BB00BEC149 /* DisplayModel.swift in Sources */ = {isa = PBXBuildFile; fileRef = B57A64D2279658BB00BEC149 /* DisplayModel.swift */; };
		B5EADA35264CCB1C0098DE7E /* NoteViewModelProtocol.swift in Sources */ = {isa = PBXBuildFile; fileRef = B5EADA30264CCB1C0098DE7E /* NoteViewModelProtocol.swift */; };
		B5EADA36264CCB1C0098DE7E /* NoteViewController.swift in Sources */ = {isa = PBXBuildFile; fileRef = B5EADA31264CCB1C0098DE7E /* NoteViewController.swift */; };
		B5EADA37264CCB1C0098DE7E /* NoteView.swift in Sources */ = {isa = PBXBuildFile; fileRef = B5EADA32264CCB1C0098DE7E /* NoteView.swift */; };
		B5EADA38264CCB1C0098DE7E /* NoteViewModel.swift in Sources */ = {isa = PBXBuildFile; fileRef = B5EADA33264CCB1C0098DE7E /* NoteViewModel.swift */; };
		B5EADA39264CCB1C0098DE7E /* NoteView.xib in Resources */ = {isa = PBXBuildFile; fileRef = B5EADA34264CCB1C0098DE7E /* NoteView.xib */; };
		B5EADA49264CD3990098DE7E /* Messageable.swift in Sources */ = {isa = PBXBuildFile; fileRef = B5EADA48264CD3990098DE7E /* Messageable.swift */; };
		B5EADA56264CD87F0098DE7E /* Extensions.swift in Sources */ = {isa = PBXBuildFile; fileRef = B5EADA55264CD87F0098DE7E /* Extensions.swift */; };
		B5EADAAE264D2A270098DE7E /* AppCoordinator.swift in Sources */ = {isa = PBXBuildFile; fileRef = B5EADAAD264D2A270098DE7E /* AppCoordinator.swift */; };
		B5EADAB6264D2A460098DE7E /* BaseCoordinator.swift in Sources */ = {isa = PBXBuildFile; fileRef = B5EADAB5264D2A460098DE7E /* BaseCoordinator.swift */; };
		B5EADABC264D2A6C0098DE7E /* Coordinator.swift in Sources */ = {isa = PBXBuildFile; fileRef = B5EADABB264D2A6C0098DE7E /* Coordinator.swift */; };
		B5EADAC4264D2C3D0098DE7E /* LoginCoordinator.swift in Sources */ = {isa = PBXBuildFile; fileRef = B5EADAC3264D2C3D0098DE7E /* LoginCoordinator.swift */; };
		B5EADAC9264D2C490098DE7E /* NoteCoordinator.swift in Sources */ = {isa = PBXBuildFile; fileRef = B5EADAC8264D2C490098DE7E /* NoteCoordinator.swift */; };
		B5EADAD2264D2CED0098DE7E /* LoginViewModelProtocol.swift in Sources */ = {isa = PBXBuildFile; fileRef = B5EADACD264D2CED0098DE7E /* LoginViewModelProtocol.swift */; };
		B5EADAD3264D2CED0098DE7E /* LoginViewController.swift in Sources */ = {isa = PBXBuildFile; fileRef = B5EADACE264D2CED0098DE7E /* LoginViewController.swift */; };
		B5EADAD4264D2CED0098DE7E /* LoginView.swift in Sources */ = {isa = PBXBuildFile; fileRef = B5EADACF264D2CED0098DE7E /* LoginView.swift */; };
		B5EADAD5264D2CED0098DE7E /* LoginViewModel.swift in Sources */ = {isa = PBXBuildFile; fileRef = B5EADAD0264D2CED0098DE7E /* LoginViewModel.swift */; };
		B5EADAD6264D2CED0098DE7E /* LoginView.xib in Resources */ = {isa = PBXBuildFile; fileRef = B5EADAD1264D2CED0098DE7E /* LoginView.xib */; };
		B5EADADE264D43AC0098DE7E /* NoteTableViewCell.swift in Sources */ = {isa = PBXBuildFile; fileRef = B5EADADC264D43AC0098DE7E /* NoteTableViewCell.swift */; };
		B5EADADF264D43AC0098DE7E /* NoteTableViewCell.xib in Resources */ = {isa = PBXBuildFile; fileRef = B5EADADD264D43AC0098DE7E /* NoteTableViewCell.xib */; };
		B5EADAF1264D4FE30098DE7E /* NoteModel.swift in Sources */ = {isa = PBXBuildFile; fileRef = B5EADAF0264D4FE30098DE7E /* NoteModel.swift */; };
		B5EADAF6264D56390098DE7E /* Constants.swift in Sources */ = {isa = PBXBuildFile; fileRef = B5EADAF5264D56390098DE7E /* Constants.swift */; };
		B5EADAFB264D56470098DE7E /* Enums.swift in Sources */ = {isa = PBXBuildFile; fileRef = B5EADAFA264D56470098DE7E /* Enums.swift */; };
		B5EADB00264D6FA70098DE7E /* BarButtonItemProtocol.swift in Sources */ = {isa = PBXBuildFile; fileRef = B5EADAFF264D6FA70098DE7E /* BarButtonItemProtocol.swift */; };
/* End PBXBuildFile section */

/* Begin PBXContainerItemProxy section */
		B51B18E5264C134700D044BD /* PBXContainerItemProxy */ = {
			isa = PBXContainerItemProxy;
			containerPortal = B51B18C6264C134300D044BD /* Project object */;
			proxyType = 1;
			remoteGlobalIDString = B51B18CD264C134300D044BD;
			remoteInfo = MyNote;
		};
		B51B18F0264C134700D044BD /* PBXContainerItemProxy */ = {
			isa = PBXContainerItemProxy;
			containerPortal = B51B18C6264C134300D044BD /* Project object */;
			proxyType = 1;
			remoteGlobalIDString = B51B18CD264C134300D044BD;
			remoteInfo = MyNote;
		};
/* End PBXContainerItemProxy section */

/* Begin PBXFileReference section */
		3BC7B184D42A9F4BD877B347 /* Pods_MyNoteTests.framework */ = {isa = PBXFileReference; explicitFileType = wrapper.framework; includeInIndex = 0; path = Pods_MyNoteTests.framework; sourceTree = BUILT_PRODUCTS_DIR; };
		4A511F36A2636DAF82F00F41 /* Pods-MyNoteTests.release.xcconfig */ = {isa = PBXFileReference; includeInIndex = 1; lastKnownFileType = text.xcconfig; name = "Pods-MyNoteTests.release.xcconfig"; path = "Target Support Files/Pods-MyNoteTests/Pods-MyNoteTests.release.xcconfig"; sourceTree = "<group>"; };
		4CE4AAE0CB6839EC9CA4727E /* Pods_MyNote_MyNoteUITests.framework */ = {isa = PBXFileReference; explicitFileType = wrapper.framework; includeInIndex = 0; path = Pods_MyNote_MyNoteUITests.framework; sourceTree = BUILT_PRODUCTS_DIR; };
		5C42A10189A61D6CABFEE6D7 /* Pods-MyNote.debug.xcconfig */ = {isa = PBXFileReference; includeInIndex = 1; lastKnownFileType = text.xcconfig; name = "Pods-MyNote.debug.xcconfig"; path = "Target Support Files/Pods-MyNote/Pods-MyNote.debug.xcconfig"; sourceTree = "<group>"; };
		6F34C9C452B1798A787E8810 /* Pods_MyNote.framework */ = {isa = PBXFileReference; explicitFileType = wrapper.framework; includeInIndex = 0; path = Pods_MyNote.framework; sourceTree = BUILT_PRODUCTS_DIR; };
		884371A3F2401430DCBDA39F /* Pods-MyNote-MyNoteUITests.debug.xcconfig */ = {isa = PBXFileReference; includeInIndex = 1; lastKnownFileType = text.xcconfig; name = "Pods-MyNote-MyNoteUITests.debug.xcconfig"; path = "Target Support Files/Pods-MyNote-MyNoteUITests/Pods-MyNote-MyNoteUITests.debug.xcconfig"; sourceTree = "<group>"; };
		B10E99D3751B41EFCD2DA9E5 /* Pods-MyNote.release.xcconfig */ = {isa = PBXFileReference; includeInIndex = 1; lastKnownFileType = text.xcconfig; name = "Pods-MyNote.release.xcconfig"; path = "Target Support Files/Pods-MyNote/Pods-MyNote.release.xcconfig"; sourceTree = "<group>"; };
		B51B18CE264C134300D044BD /* MyNote.app */ = {isa = PBXFileReference; explicitFileType = wrapper.application; includeInIndex = 0; path = MyNote.app; sourceTree = BUILT_PRODUCTS_DIR; };
		B51B18D1264C134300D044BD /* AppDelegate.swift */ = {isa = PBXFileReference; lastKnownFileType = sourcecode.swift; path = AppDelegate.swift; sourceTree = "<group>"; };
		B51B18D3264C134300D044BD /* SceneDelegate.swift */ = {isa = PBXFileReference; lastKnownFileType = sourcecode.swift; path = SceneDelegate.swift; sourceTree = "<group>"; };
		B51B18D8264C134300D044BD /* Base */ = {isa = PBXFileReference; lastKnownFileType = file.storyboard; name = Base; path = Base.lproj/Main.storyboard; sourceTree = "<group>"; };
		B51B18DA264C134600D044BD /* Assets.xcassets */ = {isa = PBXFileReference; lastKnownFileType = folder.assetcatalog; path = Assets.xcassets; sourceTree = "<group>"; };
		B51B18DD264C134600D044BD /* Base */ = {isa = PBXFileReference; lastKnownFileType = file.storyboard; name = Base; path = Base.lproj/LaunchScreen.storyboard; sourceTree = "<group>"; };
		B51B18DF264C134600D044BD /* Info.plist */ = {isa = PBXFileReference; lastKnownFileType = text.plist.xml; path = Info.plist; sourceTree = "<group>"; };
		B51B18E4264C134700D044BD /* MyNoteTests.xctest */ = {isa = PBXFileReference; explicitFileType = wrapper.cfbundle; includeInIndex = 0; path = MyNoteTests.xctest; sourceTree = BUILT_PRODUCTS_DIR; };
		B51B18E8264C134700D044BD /* MyNoteTests.swift */ = {isa = PBXFileReference; lastKnownFileType = sourcecode.swift; path = MyNoteTests.swift; sourceTree = "<group>"; };
		B51B18EA264C134700D044BD /* Info.plist */ = {isa = PBXFileReference; lastKnownFileType = text.plist.xml; path = Info.plist; sourceTree = "<group>"; };
		B51B18EF264C134700D044BD /* MyNoteUITests.xctest */ = {isa = PBXFileReference; explicitFileType = wrapper.cfbundle; includeInIndex = 0; path = MyNoteUITests.xctest; sourceTree = BUILT_PRODUCTS_DIR; };
		B51B18F3264C134700D044BD /* MyNoteUITests.swift */ = {isa = PBXFileReference; lastKnownFileType = sourcecode.swift; path = MyNoteUITests.swift; sourceTree = "<group>"; };
		B51B18F5264C134700D044BD /* Info.plist */ = {isa = PBXFileReference; lastKnownFileType = text.plist.xml; path = Info.plist; sourceTree = "<group>"; };
		B51B190A264C23C200D044BD /* ApiController.swift */ = {isa = PBXFileReference; lastKnownFileType = sourcecode.swift; path = ApiController.swift; sourceTree = "<group>"; };
		B570CFD5264E0CEB00B1BBAA /* DataModel.xcdatamodel */ = {isa = PBXFileReference; lastKnownFileType = wrapper.xcdatamodel; path = DataModel.xcdatamodel; sourceTree = "<group>"; };
		B570CFFF264E1DE600B1BBAA /* NoteDetailsViewModelProtocol.swift */ = {isa = PBXFileReference; lastKnownFileType = sourcecode.swift; path = NoteDetailsViewModelProtocol.swift; sourceTree = "<group>"; };
		B570D000264E1DE600B1BBAA /* NoteDetailsViewController.swift */ = {isa = PBXFileReference; lastKnownFileType = sourcecode.swift; path = NoteDetailsViewController.swift; sourceTree = "<group>"; };
		B570D001264E1DE600B1BBAA /* NoteDetailsView.swift */ = {isa = PBXFileReference; lastKnownFileType = sourcecode.swift; path = NoteDetailsView.swift; sourceTree = "<group>"; };
		B570D002264E1DE600B1BBAA /* NoteDetailsViewModel.swift */ = {isa = PBXFileReference; lastKnownFileType = sourcecode.swift; path = NoteDetailsViewModel.swift; sourceTree = "<group>"; };
		B570D003264E1DE600B1BBAA /* NoteDetailsView.xib */ = {isa = PBXFileReference; lastKnownFileType = file.xib; path = NoteDetailsView.xib; sourceTree = "<group>"; };
		B57A64CD279652C000BEC149 /* ButtonCollectionViewCell.swift */ = {isa = PBXFileReference; lastKnownFileType = sourcecode.swift; path = ButtonCollectionViewCell.swift; sourceTree = "<group>"; };
		B57A64CE279652C000BEC149 /* ButtonCollectionViewCell.xib */ = {isa = PBXFileReference; lastKnownFileType = file.xib; path = ButtonCollectionViewCell.xib; sourceTree = "<group>"; };
		B57A64D2279658BB00BEC149 /* DisplayModel.swift */ = {isa = PBXFileReference; lastKnownFileType = sourcecode.swift; path = DisplayModel.swift; sourceTree = "<group>"; };
		B5EADA30264CCB1C0098DE7E /* NoteViewModelProtocol.swift */ = {isa = PBXFileReference; lastKnownFileType = sourcecode.swift; path = NoteViewModelProtocol.swift; sourceTree = "<group>"; };
		B5EADA31264CCB1C0098DE7E /* NoteViewController.swift */ = {isa = PBXFileReference; lastKnownFileType = sourcecode.swift; path = NoteViewController.swift; sourceTree = "<group>"; };
		B5EADA32264CCB1C0098DE7E /* NoteView.swift */ = {isa = PBXFileReference; lastKnownFileType = sourcecode.swift; path = NoteView.swift; sourceTree = "<group>"; };
		B5EADA33264CCB1C0098DE7E /* NoteViewModel.swift */ = {isa = PBXFileReference; lastKnownFileType = sourcecode.swift; path = NoteViewModel.swift; sourceTree = "<group>"; };
		B5EADA34264CCB1C0098DE7E /* NoteView.xib */ = {isa = PBXFileReference; lastKnownFileType = file.xib; path = NoteView.xib; sourceTree = "<group>"; };
		B5EADA48264CD3990098DE7E /* Messageable.swift */ = {isa = PBXFileReference; lastKnownFileType = sourcecode.swift; path = Messageable.swift; sourceTree = "<group>"; };
		B5EADA55264CD87F0098DE7E /* Extensions.swift */ = {isa = PBXFileReference; lastKnownFileType = sourcecode.swift; path = Extensions.swift; sourceTree = "<group>"; };
		B5EADAAD264D2A270098DE7E /* AppCoordinator.swift */ = {isa = PBXFileReference; lastKnownFileType = sourcecode.swift; path = AppCoordinator.swift; sourceTree = "<group>"; };
		B5EADAB5264D2A460098DE7E /* BaseCoordinator.swift */ = {isa = PBXFileReference; lastKnownFileType = sourcecode.swift; path = BaseCoordinator.swift; sourceTree = "<group>"; };
		B5EADABB264D2A6C0098DE7E /* Coordinator.swift */ = {isa = PBXFileReference; lastKnownFileType = sourcecode.swift; path = Coordinator.swift; sourceTree = "<group>"; };
		B5EADAC3264D2C3D0098DE7E /* LoginCoordinator.swift */ = {isa = PBXFileReference; lastKnownFileType = sourcecode.swift; path = LoginCoordinator.swift; sourceTree = "<group>"; };
		B5EADAC8264D2C490098DE7E /* NoteCoordinator.swift */ = {isa = PBXFileReference; lastKnownFileType = sourcecode.swift; path = NoteCoordinator.swift; sourceTree = "<group>"; };
		B5EADACD264D2CED0098DE7E /* LoginViewModelProtocol.swift */ = {isa = PBXFileReference; lastKnownFileType = sourcecode.swift; path = LoginViewModelProtocol.swift; sourceTree = "<group>"; };
		B5EADACE264D2CED0098DE7E /* LoginViewController.swift */ = {isa = PBXFileReference; lastKnownFileType = sourcecode.swift; path = LoginViewController.swift; sourceTree = "<group>"; };
		B5EADACF264D2CED0098DE7E /* LoginView.swift */ = {isa = PBXFileReference; lastKnownFileType = sourcecode.swift; path = LoginView.swift; sourceTree = "<group>"; };
		B5EADAD0264D2CED0098DE7E /* LoginViewModel.swift */ = {isa = PBXFileReference; lastKnownFileType = sourcecode.swift; path = LoginViewModel.swift; sourceTree = "<group>"; };
		B5EADAD1264D2CED0098DE7E /* LoginView.xib */ = {isa = PBXFileReference; lastKnownFileType = file.xib; path = LoginView.xib; sourceTree = "<group>"; };
		B5EADADC264D43AC0098DE7E /* NoteTableViewCell.swift */ = {isa = PBXFileReference; lastKnownFileType = sourcecode.swift; path = NoteTableViewCell.swift; sourceTree = "<group>"; };
		B5EADADD264D43AC0098DE7E /* NoteTableViewCell.xib */ = {isa = PBXFileReference; lastKnownFileType = file.xib; path = NoteTableViewCell.xib; sourceTree = "<group>"; };
		B5EADAF0264D4FE30098DE7E /* NoteModel.swift */ = {isa = PBXFileReference; lastKnownFileType = sourcecode.swift; path = NoteModel.swift; sourceTree = "<group>"; };
		B5EADAF5264D56390098DE7E /* Constants.swift */ = {isa = PBXFileReference; lastKnownFileType = sourcecode.swift; path = Constants.swift; sourceTree = "<group>"; };
		B5EADAFA264D56470098DE7E /* Enums.swift */ = {isa = PBXFileReference; lastKnownFileType = sourcecode.swift; path = Enums.swift; sourceTree = "<group>"; };
		B5EADAFF264D6FA70098DE7E /* BarButtonItemProtocol.swift */ = {isa = PBXFileReference; lastKnownFileType = sourcecode.swift; path = BarButtonItemProtocol.swift; sourceTree = "<group>"; };
		EF957CEDAB93C86DBF9ADF8A /* Pods-MyNote-MyNoteUITests.release.xcconfig */ = {isa = PBXFileReference; includeInIndex = 1; lastKnownFileType = text.xcconfig; name = "Pods-MyNote-MyNoteUITests.release.xcconfig"; path = "Target Support Files/Pods-MyNote-MyNoteUITests/Pods-MyNote-MyNoteUITests.release.xcconfig"; sourceTree = "<group>"; };
		FF00483BD440B913F4D1D07A /* Pods-MyNoteTests.debug.xcconfig */ = {isa = PBXFileReference; includeInIndex = 1; lastKnownFileType = text.xcconfig; name = "Pods-MyNoteTests.debug.xcconfig"; path = "Target Support Files/Pods-MyNoteTests/Pods-MyNoteTests.debug.xcconfig"; sourceTree = "<group>"; };
/* End PBXFileReference section */

/* Begin PBXFrameworksBuildPhase section */
		B51B18CB264C134300D044BD /* Frameworks */ = {
			isa = PBXFrameworksBuildPhase;
			buildActionMask = 2147483647;
			files = (
				4E5411952AFBDB6D44BBC98B /* Pods_MyNote.framework in Frameworks */,
			);
			runOnlyForDeploymentPostprocessing = 0;
		};
		B51B18E1264C134700D044BD /* Frameworks */ = {
			isa = PBXFrameworksBuildPhase;
			buildActionMask = 2147483647;
			files = (
				765965BBEA3D36A24DF45691 /* Pods_MyNoteTests.framework in Frameworks */,
			);
			runOnlyForDeploymentPostprocessing = 0;
		};
		B51B18EC264C134700D044BD /* Frameworks */ = {
			isa = PBXFrameworksBuildPhase;
			buildActionMask = 2147483647;
			files = (
				3A4AFB6B4AB4E7840655D8A1 /* Pods_MyNote_MyNoteUITests.framework in Frameworks */,
			);
			runOnlyForDeploymentPostprocessing = 0;
		};
/* End PBXFrameworksBuildPhase section */

/* Begin PBXGroup section */
		9DC57FFE4A51005B525F6219 /* Pods */ = {
			isa = PBXGroup;
			children = (
				5C42A10189A61D6CABFEE6D7 /* Pods-MyNote.debug.xcconfig */,
				B10E99D3751B41EFCD2DA9E5 /* Pods-MyNote.release.xcconfig */,
				884371A3F2401430DCBDA39F /* Pods-MyNote-MyNoteUITests.debug.xcconfig */,
				EF957CEDAB93C86DBF9ADF8A /* Pods-MyNote-MyNoteUITests.release.xcconfig */,
				FF00483BD440B913F4D1D07A /* Pods-MyNoteTests.debug.xcconfig */,
				4A511F36A2636DAF82F00F41 /* Pods-MyNoteTests.release.xcconfig */,
			);
			path = Pods;
			sourceTree = "<group>";
		};
		B51B18C5264C134300D044BD = {
			isa = PBXGroup;
			children = (
				B51B18D0264C134300D044BD /* MyNote */,
				B51B18E7264C134700D044BD /* MyNoteTests */,
				B51B18F2264C134700D044BD /* MyNoteUITests */,
				B51B18CF264C134300D044BD /* Products */,
				9DC57FFE4A51005B525F6219 /* Pods */,
				DF0C353EF13AE4FEDB60C327 /* Frameworks */,
			);
			sourceTree = "<group>";
		};
		B51B18CF264C134300D044BD /* Products */ = {
			isa = PBXGroup;
			children = (
				B51B18CE264C134300D044BD /* MyNote.app */,
				B51B18E4264C134700D044BD /* MyNoteTests.xctest */,
				B51B18EF264C134700D044BD /* MyNoteUITests.xctest */,
			);
			name = Products;
			sourceTree = "<group>";
		};
		B51B18D0264C134300D044BD /* MyNote */ = {
			isa = PBXGroup;
			children = (
				B5EADAAC264D2A130098DE7E /* Coordinators */,
				B5EADA2F264CC57E0098DE7E /* Resources */,
				B51B1909264C234500D044BD /* Helper */,
				B51B1908264C233600D044BD /* Model */,
				B51B1907264C232000D044BD /* API */,
				B51B1904264C22F700D044BD /* Modules */,
				B51B18D3264C134300D044BD /* SceneDelegate.swift */,
				B51B18D7264C134300D044BD /* Main.storyboard */,
				B51B18DC264C134600D044BD /* LaunchScreen.storyboard */,
				B51B18D1264C134300D044BD /* AppDelegate.swift */,
				B51B18DF264C134600D044BD /* Info.plist */,
			);
			path = MyNote;
			sourceTree = "<group>";
		};
		B51B18E7264C134700D044BD /* MyNoteTests */ = {
			isa = PBXGroup;
			children = (
				B51B18E8264C134700D044BD /* MyNoteTests.swift */,
				B51B18EA264C134700D044BD /* Info.plist */,
			);
			path = MyNoteTests;
			sourceTree = "<group>";
		};
		B51B18F2264C134700D044BD /* MyNoteUITests */ = {
			isa = PBXGroup;
			children = (
				B51B18F3264C134700D044BD /* MyNoteUITests.swift */,
				B51B18F5264C134700D044BD /* Info.plist */,
			);
			path = MyNoteUITests;
			sourceTree = "<group>";
		};
		B51B1904264C22F700D044BD /* Modules */ = {
			isa = PBXGroup;
			children = (
				B5EADA2B264CC42E0098DE7E /* Login */,
				B51B1912264C24E800D044BD /* Home */,
			);
			path = Modules;
			sourceTree = "<group>";
		};
		B51B1905264C22FF00D044BD /* Extensions */ = {
			isa = PBXGroup;
			children = (
				B5EADA55264CD87F0098DE7E /* Extensions.swift */,
			);
			path = Extensions;
			sourceTree = "<group>";
		};
		B51B1907264C232000D044BD /* API */ = {
			isa = PBXGroup;
			children = (
				B51B190A264C23C200D044BD /* ApiController.swift */,
			);
			path = API;
			sourceTree = "<group>";
		};
		B51B1908264C233600D044BD /* Model */ = {
			isa = PBXGroup;
			children = (
				B57A64D12796587500BEC149 /* DisplayModel */,
				B5EADAF0264D4FE30098DE7E /* NoteModel.swift */,
				B570CFD4264E0CEB00B1BBAA /* DataModel.xcdatamodeld */,
			);
			path = Model;
			sourceTree = "<group>";
		};
		B51B1909264C234500D044BD /* Helper */ = {
			isa = PBXGroup;
			children = (
				B57A64D62796624900BEC149 /* Protocols */,
				B51B1905264C22FF00D044BD /* Extensions */,
				B5EADA48264CD3990098DE7E /* Messageable.swift */,
				B5EADAF5264D56390098DE7E /* Constants.swift */,
				B5EADAFA264D56470098DE7E /* Enums.swift */,
			);
			path = Helper;
			sourceTree = "<group>";
		};
		B51B1912264C24E800D044BD /* Home */ = {
			isa = PBXGroup;
			children = (
				B570CFFE264E1DC400B1BBAA /* NoteDetails */,
				B5EADADB264D437E0098DE7E /* Cell */,
				B5EADA30264CCB1C0098DE7E /* NoteViewModelProtocol.swift */,
				B5EADA31264CCB1C0098DE7E /* NoteViewController.swift */,
				B5EADA32264CCB1C0098DE7E /* NoteView.swift */,
				B5EADA33264CCB1C0098DE7E /* NoteViewModel.swift */,
				B5EADA34264CCB1C0098DE7E /* NoteView.xib */,
			);
			path = Home;
			sourceTree = "<group>";
		};
		B570CFFE264E1DC400B1BBAA /* NoteDetails */ = {
			isa = PBXGroup;
			children = (
				B57A64CC2796527400BEC149 /* Cell */,
				B570CFFF264E1DE600B1BBAA /* NoteDetailsViewModelProtocol.swift */,
				B570D000264E1DE600B1BBAA /* NoteDetailsViewController.swift */,
				B570D001264E1DE600B1BBAA /* NoteDetailsView.swift */,
				B570D002264E1DE600B1BBAA /* NoteDetailsViewModel.swift */,
				B570D003264E1DE600B1BBAA /* NoteDetailsView.xib */,
			);
			path = NoteDetails;
			sourceTree = "<group>";
		};
		B57A64CC2796527400BEC149 /* Cell */ = {
			isa = PBXGroup;
			children = (
				B57A64CD279652C000BEC149 /* ButtonCollectionViewCell.swift */,
				B57A64CE279652C000BEC149 /* ButtonCollectionViewCell.xib */,
			);
			path = Cell;
			sourceTree = "<group>";
		};
		B57A64D12796587500BEC149 /* DisplayModel */ = {
			isa = PBXGroup;
			children = (
				B57A64D2279658BB00BEC149 /* DisplayModel.swift */,
			);
			path = DisplayModel;
			sourceTree = "<group>";
		};
		B57A64D62796624900BEC149 /* Protocols */ = {
			isa = PBXGroup;
			children = (
			);
			path = Protocols;
			sourceTree = "<group>";
		};
		B5EADA2B264CC42E0098DE7E /* Login */ = {
			isa = PBXGroup;
			children = (
				B5EADACD264D2CED0098DE7E /* LoginViewModelProtocol.swift */,
				B5EADACE264D2CED0098DE7E /* LoginViewController.swift */,
				B5EADACF264D2CED0098DE7E /* LoginView.swift */,
				B5EADAD0264D2CED0098DE7E /* LoginViewModel.swift */,
				B5EADAD1264D2CED0098DE7E /* LoginView.xib */,
			);
			path = Login;
			sourceTree = "<group>";
		};
		B5EADA2F264CC57E0098DE7E /* Resources */ = {
			isa = PBXGroup;
			children = (
				B51B18DA264C134600D044BD /* Assets.xcassets */,
			);
			path = Resources;
			sourceTree = "<group>";
		};
		B5EADAAC264D2A130098DE7E /* Coordinators */ = {
			isa = PBXGroup;
			children = (
				B5EADABA264D2A580098DE7E /* Protocols */,
				B5EADAAD264D2A270098DE7E /* AppCoordinator.swift */,
				B5EADAB5264D2A460098DE7E /* BaseCoordinator.swift */,
				B5EADAC3264D2C3D0098DE7E /* LoginCoordinator.swift */,
				B5EADAC8264D2C490098DE7E /* NoteCoordinator.swift */,
			);
			path = Coordinators;
			sourceTree = "<group>";
		};
		B5EADABA264D2A580098DE7E /* Protocols */ = {
			isa = PBXGroup;
			children = (
				B5EADABB264D2A6C0098DE7E /* Coordinator.swift */,
				B5EADAFF264D6FA70098DE7E /* BarButtonItemProtocol.swift */,
			);
			path = Protocols;
			sourceTree = "<group>";
		};
		B5EADADB264D437E0098DE7E /* Cell */ = {
			isa = PBXGroup;
			children = (
				B5EADADC264D43AC0098DE7E /* NoteTableViewCell.swift */,
				B5EADADD264D43AC0098DE7E /* NoteTableViewCell.xib */,
			);
			path = Cell;
			sourceTree = "<group>";
		};
		DF0C353EF13AE4FEDB60C327 /* Frameworks */ = {
			isa = PBXGroup;
			children = (
				6F34C9C452B1798A787E8810 /* Pods_MyNote.framework */,
				4CE4AAE0CB6839EC9CA4727E /* Pods_MyNote_MyNoteUITests.framework */,
				3BC7B184D42A9F4BD877B347 /* Pods_MyNoteTests.framework */,
			);
			name = Frameworks;
			sourceTree = "<group>";
		};
/* End PBXGroup section */

/* Begin PBXNativeTarget section */
		B51B18CD264C134300D044BD /* MyNote */ = {
			isa = PBXNativeTarget;
			buildConfigurationList = B51B18F8264C134700D044BD /* Build configuration list for PBXNativeTarget "MyNote" */;
			buildPhases = (
				21BFA2F309219532D7651ACC /* [CP] Check Pods Manifest.lock */,
				B51B18CA264C134300D044BD /* Sources */,
				B51B18CB264C134300D044BD /* Frameworks */,
				B51B18CC264C134300D044BD /* Resources */,
				19A34A6E5CFDBB307C56B95A /* [CP] Embed Pods Frameworks */,
			);
			buildRules = (
			);
			dependencies = (
			);
			name = MyNote;
			productName = MyNote;
			productReference = B51B18CE264C134300D044BD /* MyNote.app */;
			productType = "com.apple.product-type.application";
		};
		B51B18E3264C134700D044BD /* MyNoteTests */ = {
			isa = PBXNativeTarget;
			buildConfigurationList = B51B18FB264C134700D044BD /* Build configuration list for PBXNativeTarget "MyNoteTests" */;
			buildPhases = (
				53A85AE66DC95D353FB23723 /* [CP] Check Pods Manifest.lock */,
				B51B18E0264C134700D044BD /* Sources */,
				B51B18E1264C134700D044BD /* Frameworks */,
				B51B18E2264C134700D044BD /* Resources */,
			);
			buildRules = (
			);
			dependencies = (
				B51B18E6264C134700D044BD /* PBXTargetDependency */,
			);
			name = MyNoteTests;
			productName = MyNoteTests;
			productReference = B51B18E4264C134700D044BD /* MyNoteTests.xctest */;
			productType = "com.apple.product-type.bundle.unit-test";
		};
		B51B18EE264C134700D044BD /* MyNoteUITests */ = {
			isa = PBXNativeTarget;
			buildConfigurationList = B51B18FE264C134700D044BD /* Build configuration list for PBXNativeTarget "MyNoteUITests" */;
			buildPhases = (
				CEBB84E1E982DF52B3B4A6B6 /* [CP] Check Pods Manifest.lock */,
				B51B18EB264C134700D044BD /* Sources */,
				B51B18EC264C134700D044BD /* Frameworks */,
				B51B18ED264C134700D044BD /* Resources */,
				771781A21C582B002AB7872C /* [CP] Embed Pods Frameworks */,
			);
			buildRules = (
			);
			dependencies = (
				B51B18F1264C134700D044BD /* PBXTargetDependency */,
			);
			name = MyNoteUITests;
			productName = MyNoteUITests;
			productReference = B51B18EF264C134700D044BD /* MyNoteUITests.xctest */;
			productType = "com.apple.product-type.bundle.ui-testing";
		};
/* End PBXNativeTarget section */

/* Begin PBXProject section */
		B51B18C6264C134300D044BD /* Project object */ = {
			isa = PBXProject;
			attributes = {
				LastSwiftUpdateCheck = 1240;
				LastUpgradeCheck = 1240;
				TargetAttributes = {
					B51B18CD264C134300D044BD = {
						CreatedOnToolsVersion = 12.4;
					};
					B51B18E3264C134700D044BD = {
						CreatedOnToolsVersion = 12.4;
						TestTargetID = B51B18CD264C134300D044BD;
					};
					B51B18EE264C134700D044BD = {
						CreatedOnToolsVersion = 12.4;
						TestTargetID = B51B18CD264C134300D044BD;
					};
				};
			};
			buildConfigurationList = B51B18C9264C134300D044BD /* Build configuration list for PBXProject "MyNote" */;
			compatibilityVersion = "Xcode 9.3";
			developmentRegion = en;
			hasScannedForEncodings = 0;
			knownRegions = (
				en,
				Base,
			);
			mainGroup = B51B18C5264C134300D044BD;
			productRefGroup = B51B18CF264C134300D044BD /* Products */;
			projectDirPath = "";
			projectRoot = "";
			targets = (
				B51B18CD264C134300D044BD /* MyNote */,
				B51B18E3264C134700D044BD /* MyNoteTests */,
				B51B18EE264C134700D044BD /* MyNoteUITests */,
			);
		};
/* End PBXProject section */

/* Begin PBXResourcesBuildPhase section */
		B51B18CC264C134300D044BD /* Resources */ = {
			isa = PBXResourcesBuildPhase;
			buildActionMask = 2147483647;
			files = (
				B57A64D0279652C000BEC149 /* ButtonCollectionViewCell.xib in Resources */,
				B51B18DE264C134600D044BD /* LaunchScreen.storyboard in Resources */,
				B51B18DB264C134600D044BD /* Assets.xcassets in Resources */,
				B5EADA39264CCB1C0098DE7E /* NoteView.xib in Resources */,
				B5EADADF264D43AC0098DE7E /* NoteTableViewCell.xib in Resources */,
				B5EADAD6264D2CED0098DE7E /* LoginView.xib in Resources */,
				B570D008264E1DE600B1BBAA /* NoteDetailsView.xib in Resources */,
				B51B18D9264C134300D044BD /* Main.storyboard in Resources */,
			);
			runOnlyForDeploymentPostprocessing = 0;
		};
		B51B18E2264C134700D044BD /* Resources */ = {
			isa = PBXResourcesBuildPhase;
			buildActionMask = 2147483647;
			files = (
			);
			runOnlyForDeploymentPostprocessing = 0;
		};
		B51B18ED264C134700D044BD /* Resources */ = {
			isa = PBXResourcesBuildPhase;
			buildActionMask = 2147483647;
			files = (
			);
			runOnlyForDeploymentPostprocessing = 0;
		};
/* End PBXResourcesBuildPhase section */

/* Begin PBXShellScriptBuildPhase section */
		19A34A6E5CFDBB307C56B95A /* [CP] Embed Pods Frameworks */ = {
			isa = PBXShellScriptBuildPhase;
			buildActionMask = 2147483647;
			files = (
			);
			inputFileListPaths = (
				"${PODS_ROOT}/Target Support Files/Pods-MyNote/Pods-MyNote-frameworks-${CONFIGURATION}-input-files.xcfilelist",
			);
			name = "[CP] Embed Pods Frameworks";
			outputFileListPaths = (
				"${PODS_ROOT}/Target Support Files/Pods-MyNote/Pods-MyNote-frameworks-${CONFIGURATION}-output-files.xcfilelist",
			);
			runOnlyForDeploymentPostprocessing = 0;
			shellPath = /bin/sh;
			shellScript = "\"${PODS_ROOT}/Target Support Files/Pods-MyNote/Pods-MyNote-frameworks.sh\"\n";
			showEnvVarsInLog = 0;
		};
		21BFA2F309219532D7651ACC /* [CP] Check Pods Manifest.lock */ = {
			isa = PBXShellScriptBuildPhase;
			buildActionMask = 2147483647;
			files = (
			);
			inputFileListPaths = (
			);
			inputPaths = (
				"${PODS_PODFILE_DIR_PATH}/Podfile.lock",
				"${PODS_ROOT}/Manifest.lock",
			);
			name = "[CP] Check Pods Manifest.lock";
			outputFileListPaths = (
			);
			outputPaths = (
				"$(DERIVED_FILE_DIR)/Pods-MyNote-checkManifestLockResult.txt",
			);
			runOnlyForDeploymentPostprocessing = 0;
			shellPath = /bin/sh;
			shellScript = "diff \"${PODS_PODFILE_DIR_PATH}/Podfile.lock\" \"${PODS_ROOT}/Manifest.lock\" > /dev/null\nif [ $? != 0 ] ; then\n    # print error to STDERR\n    echo \"error: The sandbox is not in sync with the Podfile.lock. Run 'pod install' or update your CocoaPods installation.\" >&2\n    exit 1\nfi\n# This output is used by Xcode 'outputs' to avoid re-running this script phase.\necho \"SUCCESS\" > \"${SCRIPT_OUTPUT_FILE_0}\"\n";
			showEnvVarsInLog = 0;
		};
		53A85AE66DC95D353FB23723 /* [CP] Check Pods Manifest.lock */ = {
			isa = PBXShellScriptBuildPhase;
			buildActionMask = 2147483647;
			files = (
			);
			inputFileListPaths = (
			);
			inputPaths = (
				"${PODS_PODFILE_DIR_PATH}/Podfile.lock",
				"${PODS_ROOT}/Manifest.lock",
			);
			name = "[CP] Check Pods Manifest.lock";
			outputFileListPaths = (
			);
			outputPaths = (
				"$(DERIVED_FILE_DIR)/Pods-MyNoteTests-checkManifestLockResult.txt",
			);
			runOnlyForDeploymentPostprocessing = 0;
			shellPath = /bin/sh;
			shellScript = "diff \"${PODS_PODFILE_DIR_PATH}/Podfile.lock\" \"${PODS_ROOT}/Manifest.lock\" > /dev/null\nif [ $? != 0 ] ; then\n    # print error to STDERR\n    echo \"error: The sandbox is not in sync with the Podfile.lock. Run 'pod install' or update your CocoaPods installation.\" >&2\n    exit 1\nfi\n# This output is used by Xcode 'outputs' to avoid re-running this script phase.\necho \"SUCCESS\" > \"${SCRIPT_OUTPUT_FILE_0}\"\n";
			showEnvVarsInLog = 0;
		};
		771781A21C582B002AB7872C /* [CP] Embed Pods Frameworks */ = {
			isa = PBXShellScriptBuildPhase;
			buildActionMask = 2147483647;
			files = (
			);
			inputFileListPaths = (
				"${PODS_ROOT}/Target Support Files/Pods-MyNote-MyNoteUITests/Pods-MyNote-MyNoteUITests-frameworks-${CONFIGURATION}-input-files.xcfilelist",
			);
			name = "[CP] Embed Pods Frameworks";
			outputFileListPaths = (
				"${PODS_ROOT}/Target Support Files/Pods-MyNote-MyNoteUITests/Pods-MyNote-MyNoteUITests-frameworks-${CONFIGURATION}-output-files.xcfilelist",
			);
			runOnlyForDeploymentPostprocessing = 0;
			shellPath = /bin/sh;
			shellScript = "\"${PODS_ROOT}/Target Support Files/Pods-MyNote-MyNoteUITests/Pods-MyNote-MyNoteUITests-frameworks.sh\"\n";
			showEnvVarsInLog = 0;
		};
		CEBB84E1E982DF52B3B4A6B6 /* [CP] Check Pods Manifest.lock */ = {
			isa = PBXShellScriptBuildPhase;
			buildActionMask = 2147483647;
			files = (
			);
			inputFileListPaths = (
			);
			inputPaths = (
				"${PODS_PODFILE_DIR_PATH}/Podfile.lock",
				"${PODS_ROOT}/Manifest.lock",
			);
			name = "[CP] Check Pods Manifest.lock";
			outputFileListPaths = (
			);
			outputPaths = (
				"$(DERIVED_FILE_DIR)/Pods-MyNote-MyNoteUITests-checkManifestLockResult.txt",
			);
			runOnlyForDeploymentPostprocessing = 0;
			shellPath = /bin/sh;
			shellScript = "diff \"${PODS_PODFILE_DIR_PATH}/Podfile.lock\" \"${PODS_ROOT}/Manifest.lock\" > /dev/null\nif [ $? != 0 ] ; then\n    # print error to STDERR\n    echo \"error: The sandbox is not in sync with the Podfile.lock. Run 'pod install' or update your CocoaPods installation.\" >&2\n    exit 1\nfi\n# This output is used by Xcode 'outputs' to avoid re-running this script phase.\necho \"SUCCESS\" > \"${SCRIPT_OUTPUT_FILE_0}\"\n";
			showEnvVarsInLog = 0;
		};
/* End PBXShellScriptBuildPhase section */

/* Begin PBXSourcesBuildPhase section */
		B51B18CA264C134300D044BD /* Sources */ = {
			isa = PBXSourcesBuildPhase;
			buildActionMask = 2147483647;
			files = (
				B5EADA38264CCB1C0098DE7E /* NoteViewModel.swift in Sources */,
				B5EADA49264CD3990098DE7E /* Messageable.swift in Sources */,
				B5EADAAE264D2A270098DE7E /* AppCoordinator.swift in Sources */,
				B5EADAD2264D2CED0098DE7E /* LoginViewModelProtocol.swift in Sources */,
				B57A64D3279658BB00BEC149 /* DisplayModel.swift in Sources */,
				B570D004264E1DE600B1BBAA /* NoteDetailsViewModelProtocol.swift in Sources */,
				B51B190B264C23C200D044BD /* ApiController.swift in Sources */,
				B5EADAF1264D4FE30098DE7E /* NoteModel.swift in Sources */,
				B5EADAC9264D2C490098DE7E /* NoteCoordinator.swift in Sources */,
				B5EADAC4264D2C3D0098DE7E /* LoginCoordinator.swift in Sources */,
				B5EADADE264D43AC0098DE7E /* NoteTableViewCell.swift in Sources */,
				B570CFD6264E0CEB00B1BBAA /* DataModel.xcdatamodeld in Sources */,
				B51B18D2264C134300D044BD /* AppDelegate.swift in Sources */,
				B5EADAFB264D56470098DE7E /* Enums.swift in Sources */,
				B570D007264E1DE600B1BBAA /* NoteDetailsViewModel.swift in Sources */,
				B57A64CF279652C000BEC149 /* ButtonCollectionViewCell.swift in Sources */,
				B570D005264E1DE600B1BBAA /* NoteDetailsViewController.swift in Sources */,
				B570D006264E1DE600B1BBAA /* NoteDetailsView.swift in Sources */,
				B5EADAD5264D2CED0098DE7E /* LoginViewModel.swift in Sources */,
				B5EADAF6264D56390098DE7E /* Constants.swift in Sources */,
				B5EADA56264CD87F0098DE7E /* Extensions.swift in Sources */,
				B51B18D4264C134300D044BD /* SceneDelegate.swift in Sources */,
				B5EADAD4264D2CED0098DE7E /* LoginView.swift in Sources */,
				B5EADA36264CCB1C0098DE7E /* NoteViewController.swift in Sources */,
				B5EADB00264D6FA70098DE7E /* BarButtonItemProtocol.swift in Sources */,
				B5EADABC264D2A6C0098DE7E /* Coordinator.swift in Sources */,
				B5EADAD3264D2CED0098DE7E /* LoginViewController.swift in Sources */,
				B5EADA37264CCB1C0098DE7E /* NoteView.swift in Sources */,
				B5EADAB6264D2A460098DE7E /* BaseCoordinator.swift in Sources */,
				B5EADA35264CCB1C0098DE7E /* NoteViewModelProtocol.swift in Sources */,
			);
			runOnlyForDeploymentPostprocessing = 0;
		};
		B51B18E0264C134700D044BD /* Sources */ = {
			isa = PBXSourcesBuildPhase;
			buildActionMask = 2147483647;
			files = (
				B51B18E9264C134700D044BD /* MyNoteTests.swift in Sources */,
			);
			runOnlyForDeploymentPostprocessing = 0;
		};
		B51B18EB264C134700D044BD /* Sources */ = {
			isa = PBXSourcesBuildPhase;
			buildActionMask = 2147483647;
			files = (
				B51B18F4264C134700D044BD /* MyNoteUITests.swift in Sources */,
			);
			runOnlyForDeploymentPostprocessing = 0;
		};
/* End PBXSourcesBuildPhase section */

/* Begin PBXTargetDependency section */
		B51B18E6264C134700D044BD /* PBXTargetDependency */ = {
			isa = PBXTargetDependency;
			target = B51B18CD264C134300D044BD /* MyNote */;
			targetProxy = B51B18E5264C134700D044BD /* PBXContainerItemProxy */;
		};
		B51B18F1264C134700D044BD /* PBXTargetDependency */ = {
			isa = PBXTargetDependency;
			target = B51B18CD264C134300D044BD /* MyNote */;
			targetProxy = B51B18F0264C134700D044BD /* PBXContainerItemProxy */;
		};
/* End PBXTargetDependency section */

/* Begin PBXVariantGroup section */
		B51B18D7264C134300D044BD /* Main.storyboard */ = {
			isa = PBXVariantGroup;
			children = (
				B51B18D8264C134300D044BD /* Base */,
			);
			name = Main.storyboard;
			sourceTree = "<group>";
		};
		B51B18DC264C134600D044BD /* LaunchScreen.storyboard */ = {
			isa = PBXVariantGroup;
			children = (
				B51B18DD264C134600D044BD /* Base */,
			);
			name = LaunchScreen.storyboard;
			sourceTree = "<group>";
		};
/* End PBXVariantGroup section */

/* Begin XCBuildConfiguration section */
		B51B18F6264C134700D044BD /* Debug */ = {
			isa = XCBuildConfiguration;
			buildSettings = {
				ALWAYS_SEARCH_USER_PATHS = NO;
				CLANG_ANALYZER_NONNULL = YES;
				CLANG_ANALYZER_NUMBER_OBJECT_CONVERSION = YES_AGGRESSIVE;
				CLANG_CXX_LANGUAGE_STANDARD = "gnu++14";
				CLANG_CXX_LIBRARY = "libc++";
				CLANG_ENABLE_MODULES = YES;
				CLANG_ENABLE_OBJC_ARC = YES;
				CLANG_ENABLE_OBJC_WEAK = YES;
				CLANG_WARN_BLOCK_CAPTURE_AUTORELEASING = YES;
				CLANG_WARN_BOOL_CONVERSION = YES;
				CLANG_WARN_COMMA = YES;
				CLANG_WARN_CONSTANT_CONVERSION = YES;
				CLANG_WARN_DEPRECATED_OBJC_IMPLEMENTATIONS = YES;
				CLANG_WARN_DIRECT_OBJC_ISA_USAGE = YES_ERROR;
				CLANG_WARN_DOCUMENTATION_COMMENTS = YES;
				CLANG_WARN_EMPTY_BODY = YES;
				CLANG_WARN_ENUM_CONVERSION = YES;
				CLANG_WARN_INFINITE_RECURSION = YES;
				CLANG_WARN_INT_CONVERSION = YES;
				CLANG_WARN_NON_LITERAL_NULL_CONVERSION = YES;
				CLANG_WARN_OBJC_IMPLICIT_RETAIN_SELF = YES;
				CLANG_WARN_OBJC_LITERAL_CONVERSION = YES;
				CLANG_WARN_OBJC_ROOT_CLASS = YES_ERROR;
				CLANG_WARN_QUOTED_INCLUDE_IN_FRAMEWORK_HEADER = YES;
				CLANG_WARN_RANGE_LOOP_ANALYSIS = YES;
				CLANG_WARN_STRICT_PROTOTYPES = YES;
				CLANG_WARN_SUSPICIOUS_MOVE = YES;
				CLANG_WARN_UNGUARDED_AVAILABILITY = YES_AGGRESSIVE;
				CLANG_WARN_UNREACHABLE_CODE = YES;
				CLANG_WARN__DUPLICATE_METHOD_MATCH = YES;
				COPY_PHASE_STRIP = NO;
				DEBUG_INFORMATION_FORMAT = dwarf;
				ENABLE_STRICT_OBJC_MSGSEND = YES;
				ENABLE_TESTABILITY = YES;
				GCC_C_LANGUAGE_STANDARD = gnu11;
				GCC_DYNAMIC_NO_PIC = NO;
				GCC_NO_COMMON_BLOCKS = YES;
				GCC_OPTIMIZATION_LEVEL = 0;
				GCC_PREPROCESSOR_DEFINITIONS = (
					"DEBUG=1",
					"$(inherited)",
				);
				GCC_WARN_64_TO_32_BIT_CONVERSION = YES;
				GCC_WARN_ABOUT_RETURN_TYPE = YES_ERROR;
				GCC_WARN_UNDECLARED_SELECTOR = YES;
				GCC_WARN_UNINITIALIZED_AUTOS = YES_AGGRESSIVE;
				GCC_WARN_UNUSED_FUNCTION = YES;
				GCC_WARN_UNUSED_VARIABLE = YES;
				IPHONEOS_DEPLOYMENT_TARGET = 13.0;
				MTL_ENABLE_DEBUG_INFO = INCLUDE_SOURCE;
				MTL_FAST_MATH = YES;
				ONLY_ACTIVE_ARCH = YES;
				SDKROOT = iphoneos;
				SWIFT_ACTIVE_COMPILATION_CONDITIONS = DEBUG;
				SWIFT_OPTIMIZATION_LEVEL = "-Onone";
			};
			name = Debug;
		};
		B51B18F7264C134700D044BD /* Release */ = {
			isa = XCBuildConfiguration;
			buildSettings = {
				ALWAYS_SEARCH_USER_PATHS = NO;
				CLANG_ANALYZER_NONNULL = YES;
				CLANG_ANALYZER_NUMBER_OBJECT_CONVERSION = YES_AGGRESSIVE;
				CLANG_CXX_LANGUAGE_STANDARD = "gnu++14";
				CLANG_CXX_LIBRARY = "libc++";
				CLANG_ENABLE_MODULES = YES;
				CLANG_ENABLE_OBJC_ARC = YES;
				CLANG_ENABLE_OBJC_WEAK = YES;
				CLANG_WARN_BLOCK_CAPTURE_AUTORELEASING = YES;
				CLANG_WARN_BOOL_CONVERSION = YES;
				CLANG_WARN_COMMA = YES;
				CLANG_WARN_CONSTANT_CONVERSION = YES;
				CLANG_WARN_DEPRECATED_OBJC_IMPLEMENTATIONS = YES;
				CLANG_WARN_DIRECT_OBJC_ISA_USAGE = YES_ERROR;
				CLANG_WARN_DOCUMENTATION_COMMENTS = YES;
				CLANG_WARN_EMPTY_BODY = YES;
				CLANG_WARN_ENUM_CONVERSION = YES;
				CLANG_WARN_INFINITE_RECURSION = YES;
				CLANG_WARN_INT_CONVERSION = YES;
				CLANG_WARN_NON_LITERAL_NULL_CONVERSION = YES;
				CLANG_WARN_OBJC_IMPLICIT_RETAIN_SELF = YES;
				CLANG_WARN_OBJC_LITERAL_CONVERSION = YES;
				CLANG_WARN_OBJC_ROOT_CLASS = YES_ERROR;
				CLANG_WARN_QUOTED_INCLUDE_IN_FRAMEWORK_HEADER = YES;
				CLANG_WARN_RANGE_LOOP_ANALYSIS = YES;
				CLANG_WARN_STRICT_PROTOTYPES = YES;
				CLANG_WARN_SUSPICIOUS_MOVE = YES;
				CLANG_WARN_UNGUARDED_AVAILABILITY = YES_AGGRESSIVE;
				CLANG_WARN_UNREACHABLE_CODE = YES;
				CLANG_WARN__DUPLICATE_METHOD_MATCH = YES;
				COPY_PHASE_STRIP = NO;
				DEBUG_INFORMATION_FORMAT = "dwarf-with-dsym";
				ENABLE_NS_ASSERTIONS = NO;
				ENABLE_STRICT_OBJC_MSGSEND = YES;
				GCC_C_LANGUAGE_STANDARD = gnu11;
				GCC_NO_COMMON_BLOCKS = YES;
				GCC_WARN_64_TO_32_BIT_CONVERSION = YES;
				GCC_WARN_ABOUT_RETURN_TYPE = YES_ERROR;
				GCC_WARN_UNDECLARED_SELECTOR = YES;
				GCC_WARN_UNINITIALIZED_AUTOS = YES_AGGRESSIVE;
				GCC_WARN_UNUSED_FUNCTION = YES;
				GCC_WARN_UNUSED_VARIABLE = YES;
				IPHONEOS_DEPLOYMENT_TARGET = 13.0;
				MTL_ENABLE_DEBUG_INFO = NO;
				MTL_FAST_MATH = YES;
				SDKROOT = iphoneos;
				SWIFT_COMPILATION_MODE = wholemodule;
				SWIFT_OPTIMIZATION_LEVEL = "-O";
				VALIDATE_PRODUCT = YES;
			};
			name = Release;
		};
		B51B18F9264C134700D044BD /* Debug */ = {
			isa = XCBuildConfiguration;
			baseConfigurationReference = 5C42A10189A61D6CABFEE6D7 /* Pods-MyNote.debug.xcconfig */;
			buildSettings = {
				ASSETCATALOG_COMPILER_APPICON_NAME = AppIcon;
				ASSETCATALOG_COMPILER_GLOBAL_ACCENT_COLOR_NAME = AccentColor;
				CODE_SIGN_STYLE = Automatic;
				DEVELOPMENT_TEAM = 3MR5P8MURP;
				INFOPLIST_FILE = MyNote/Info.plist;
				LD_RUNPATH_SEARCH_PATHS = (
					"$(inherited)",
					"@executable_path/Frameworks",
				);
				PRODUCT_BUNDLE_IDENTIFIER = com.yujunetee.com.MyNote;
				PRODUCT_NAME = "$(TARGET_NAME)";
				SWIFT_VERSION = 5.0;
				TARGETED_DEVICE_FAMILY = "1,2";
			};
			name = Debug;
		};
		B51B18FA264C134700D044BD /* Release */ = {
			isa = XCBuildConfiguration;
			baseConfigurationReference = B10E99D3751B41EFCD2DA9E5 /* Pods-MyNote.release.xcconfig */;
			buildSettings = {
				ASSETCATALOG_COMPILER_APPICON_NAME = AppIcon;
				ASSETCATALOG_COMPILER_GLOBAL_ACCENT_COLOR_NAME = AccentColor;
				CODE_SIGN_STYLE = Automatic;
				DEVELOPMENT_TEAM = 3MR5P8MURP;
				INFOPLIST_FILE = MyNote/Info.plist;
				LD_RUNPATH_SEARCH_PATHS = (
					"$(inherited)",
					"@executable_path/Frameworks",
				);
				PRODUCT_BUNDLE_IDENTIFIER = com.yujunetee.com.MyNote;
				PRODUCT_NAME = "$(TARGET_NAME)";
				SWIFT_VERSION = 5.0;
				TARGETED_DEVICE_FAMILY = "1,2";
			};
			name = Release;
		};
		B51B18FC264C134700D044BD /* Debug */ = {
			isa = XCBuildConfiguration;
			baseConfigurationReference = FF00483BD440B913F4D1D07A /* Pods-MyNoteTests.debug.xcconfig */;
			buildSettings = {
				ALWAYS_EMBED_SWIFT_STANDARD_LIBRARIES = YES;
				BUNDLE_LOADER = "$(TEST_HOST)";
				CODE_SIGN_STYLE = Automatic;
				DEVELOPMENT_TEAM = 3MR5P8MURP;
				INFOPLIST_FILE = MyNoteTests/Info.plist;
				IPHONEOS_DEPLOYMENT_TARGET = 14.4;
				LD_RUNPATH_SEARCH_PATHS = (
					"$(inherited)",
					"@executable_path/Frameworks",
					"@loader_path/Frameworks",
				);
				PRODUCT_BUNDLE_IDENTIFIER = com.yujunetee.com.MyNoteTests;
				PRODUCT_NAME = "$(TARGET_NAME)";
				SWIFT_VERSION = 5.0;
				TARGETED_DEVICE_FAMILY = "1,2";
				TEST_HOST = "$(BUILT_PRODUCTS_DIR)/MyNote.app/MyNote";
			};
			name = Debug;
		};
		B51B18FD264C134700D044BD /* Release */ = {
			isa = XCBuildConfiguration;
			baseConfigurationReference = 4A511F36A2636DAF82F00F41 /* Pods-MyNoteTests.release.xcconfig */;
			buildSettings = {
				ALWAYS_EMBED_SWIFT_STANDARD_LIBRARIES = YES;
				BUNDLE_LOADER = "$(TEST_HOST)";
				CODE_SIGN_STYLE = Automatic;
				DEVELOPMENT_TEAM = 3MR5P8MURP;
				INFOPLIST_FILE = MyNoteTests/Info.plist;
				IPHONEOS_DEPLOYMENT_TARGET = 14.4;
				LD_RUNPATH_SEARCH_PATHS = (
					"$(inherited)",
					"@executable_path/Frameworks",
					"@loader_path/Frameworks",
				);
				PRODUCT_BUNDLE_IDENTIFIER = com.yujunetee.com.MyNoteTests;
				PRODUCT_NAME = "$(TARGET_NAME)";
				SWIFT_VERSION = 5.0;
				TARGETED_DEVICE_FAMILY = "1,2";
				TEST_HOST = "$(BUILT_PRODUCTS_DIR)/MyNote.app/MyNote";
			};
			name = Release;
		};
		B51B18FF264C134700D044BD /* Debug */ = {
			isa = XCBuildConfiguration;
			baseConfigurationReference = 884371A3F2401430DCBDA39F /* Pods-MyNote-MyNoteUITests.debug.xcconfig */;
			buildSettings = {
				ALWAYS_EMBED_SWIFT_STANDARD_LIBRARIES = YES;
				CODE_SIGN_STYLE = Automatic;
				DEVELOPMENT_TEAM = 3MR5P8MURP;
				INFOPLIST_FILE = MyNoteUITests/Info.plist;
				LD_RUNPATH_SEARCH_PATHS = (
					"$(inherited)",
					"@executable_path/Frameworks",
					"@loader_path/Frameworks",
				);
				PRODUCT_BUNDLE_IDENTIFIER = com.yujunetee.com.MyNoteUITests;
				PRODUCT_NAME = "$(TARGET_NAME)";
				SWIFT_VERSION = 5.0;
				TARGETED_DEVICE_FAMILY = "1,2";
				TEST_TARGET_NAME = MyNote;
			};
			name = Debug;
		};
		B51B1900264C134700D044BD /* Release */ = {
			isa = XCBuildConfiguration;
			baseConfigurationReference = EF957CEDAB93C86DBF9ADF8A /* Pods-MyNote-MyNoteUITests.release.xcconfig */;
			buildSettings = {
				ALWAYS_EMBED_SWIFT_STANDARD_LIBRARIES = YES;
				CODE_SIGN_STYLE = Automatic;
				DEVELOPMENT_TEAM = 3MR5P8MURP;
				INFOPLIST_FILE = MyNoteUITests/Info.plist;
				LD_RUNPATH_SEARCH_PATHS = (
					"$(inherited)",
					"@executable_path/Frameworks",
					"@loader_path/Frameworks",
				);
				PRODUCT_BUNDLE_IDENTIFIER = com.yujunetee.com.MyNoteUITests;
				PRODUCT_NAME = "$(TARGET_NAME)";
				SWIFT_VERSION = 5.0;
				TARGETED_DEVICE_FAMILY = "1,2";
				TEST_TARGET_NAME = MyNote;
			};
			name = Release;
		};
/* End XCBuildConfiguration section */

/* Begin XCConfigurationList section */
		B51B18C9264C134300D044BD /* Build configuration list for PBXProject "MyNote" */ = {
			isa = XCConfigurationList;
			buildConfigurations = (
				B51B18F6264C134700D044BD /* Debug */,
				B51B18F7264C134700D044BD /* Release */,
			);
			defaultConfigurationIsVisible = 0;
			defaultConfigurationName = Release;
		};
		B51B18F8264C134700D044BD /* Build configuration list for PBXNativeTarget "MyNote" */ = {
			isa = XCConfigurationList;
			buildConfigurations = (
				B51B18F9264C134700D044BD /* Debug */,
				B51B18FA264C134700D044BD /* Release */,
			);
			defaultConfigurationIsVisible = 0;
			defaultConfigurationName = Release;
		};
		B51B18FB264C134700D044BD /* Build configuration list for PBXNativeTarget "MyNoteTests" */ = {
			isa = XCConfigurationList;
			buildConfigurations = (
				B51B18FC264C134700D044BD /* Debug */,
				B51B18FD264C134700D044BD /* Release */,
			);
			defaultConfigurationIsVisible = 0;
			defaultConfigurationName = Release;
		};
		B51B18FE264C134700D044BD /* Build configuration list for PBXNativeTarget "MyNoteUITests" */ = {
			isa = XCConfigurationList;
			buildConfigurations = (
				B51B18FF264C134700D044BD /* Debug */,
				B51B1900264C134700D044BD /* Release */,
			);
			defaultConfigurationIsVisible = 0;
			defaultConfigurationName = Release;
		};
/* End XCConfigurationList section */

/* Begin XCVersionGroup section */
		B570CFD4264E0CEB00B1BBAA /* DataModel.xcdatamodeld */ = {
			isa = XCVersionGroup;
			children = (
				B570CFD5264E0CEB00B1BBAA /* DataModel.xcdatamodel */,
			);
			currentVersion = B570CFD5264E0CEB00B1BBAA /* DataModel.xcdatamodel */;
			path = DataModel.xcdatamodeld;
			sourceTree = "<group>";
			versionGroupType = wrapper.xcdatamodel;
		};
/* End XCVersionGroup section */
	};
	rootObject = B51B18C6264C134300D044BD /* Project object */;
}
